// !$*UTF8*$!
{
	archiveVersion = 1;
	classes = {
	};
	objectVersion = 55;
	objects = {

/* Begin PBXBuildFile section */
		E52ED4492988697200EF360D /* AppDelegate.swift in Sources */ = {isa = PBXBuildFile; fileRef = E52ED4482988697200EF360D /* AppDelegate.swift */; };
		E52ED44B2988697200EF360D /* SceneDelegate.swift in Sources */ = {isa = PBXBuildFile; fileRef = E52ED44A2988697200EF360D /* SceneDelegate.swift */; };
		E52ED44D2988697200EF360D /* ViewController.swift in Sources */ = {isa = PBXBuildFile; fileRef = E52ED44C2988697200EF360D /* ViewController.swift */; };
		E52ED4502988697200EF360D /* Main.storyboard in Resources */ = {isa = PBXBuildFile; fileRef = E52ED44E2988697200EF360D /* Main.storyboard */; };
		E52ED4532988697200EF360D /* Chat2Gether.xcdatamodeld in Sources */ = {isa = PBXBuildFile; fileRef = E52ED4512988697200EF360D /* Chat2Gether.xcdatamodeld */; };
		E52ED4552988697300EF360D /* Assets.xcassets in Resources */ = {isa = PBXBuildFile; fileRef = E52ED4542988697300EF360D /* Assets.xcassets */; };
		E52ED4582988697300EF360D /* LaunchScreen.storyboard in Resources */ = {isa = PBXBuildFile; fileRef = E52ED4562988697300EF360D /* LaunchScreen.storyboard */; };
		E52ED46029886FF500EF360D /* DeviceTableViewCell.swift in Sources */ = {isa = PBXBuildFile; fileRef = E52ED45F29886FF500EF360D /* DeviceTableViewCell.swift */; };
		E52ED462298877E800EF360D /* ChatTableViewCell.swift in Sources */ = {isa = PBXBuildFile; fileRef = E52ED461298877E800EF360D /* ChatTableViewCell.swift */; };
		E52ED4642988785B00EF360D /* ChatViewController.swift in Sources */ = {isa = PBXBuildFile; fileRef = E52ED4632988785B00EF360D /* ChatViewController.swift */; };
		E52ED4662989D00B00EF360D /* MPCManager.swift in Sources */ = {isa = PBXBuildFile; fileRef = E52ED4652989D00B00EF360D /* MPCManager.swift */; };
/* End PBXBuildFile section */

/* Begin PBXFileReference section */
		E52ED4452988697200EF360D /* Chat2Gether.app */ = {isa = PBXFileReference; explicitFileType = wrapper.application; includeInIndex = 0; path = Chat2Gether.app; sourceTree = BUILT_PRODUCTS_DIR; };
		E52ED4482988697200EF360D /* AppDelegate.swift */ = {isa = PBXFileReference; lastKnownFileType = sourcecode.swift; path = AppDelegate.swift; sourceTree = "<group>"; };
		E52ED44A2988697200EF360D /* SceneDelegate.swift */ = {isa = PBXFileReference; lastKnownFileType = sourcecode.swift; path = SceneDelegate.swift; sourceTree = "<group>"; };
		E52ED44C2988697200EF360D /* ViewController.swift */ = {isa = PBXFileReference; lastKnownFileType = sourcecode.swift; path = ViewController.swift; sourceTree = "<group>"; };
		E52ED44F2988697200EF360D /* Base */ = {isa = PBXFileReference; lastKnownFileType = file.storyboard; name = Base; path = Base.lproj/Main.storyboard; sourceTree = "<group>"; };
		E52ED4522988697200EF360D /* Chat2Gether.xcdatamodel */ = {isa = PBXFileReference; lastKnownFileType = wrapper.xcdatamodel; path = Chat2Gether.xcdatamodel; sourceTree = "<group>"; };
		E52ED4542988697300EF360D /* Assets.xcassets */ = {isa = PBXFileReference; lastKnownFileType = folder.assetcatalog; path = Assets.xcassets; sourceTree = "<group>"; };
		E52ED4572988697300EF360D /* Base */ = {isa = PBXFileReference; lastKnownFileType = file.storyboard; name = Base; path = Base.lproj/LaunchScreen.storyboard; sourceTree = "<group>"; };
		E52ED4592988697300EF360D /* Info.plist */ = {isa = PBXFileReference; lastKnownFileType = text.plist.xml; path = Info.plist; sourceTree = "<group>"; };
		E52ED45F29886FF500EF360D /* DeviceTableViewCell.swift */ = {isa = PBXFileReference; lastKnownFileType = sourcecode.swift; path = DeviceTableViewCell.swift; sourceTree = "<group>"; };
		E52ED461298877E800EF360D /* ChatTableViewCell.swift */ = {isa = PBXFileReference; lastKnownFileType = sourcecode.swift; path = ChatTableViewCell.swift; sourceTree = "<group>"; };
		E52ED4632988785B00EF360D /* ChatViewController.swift */ = {isa = PBXFileReference; lastKnownFileType = sourcecode.swift; path = ChatViewController.swift; sourceTree = "<group>"; };
		E52ED4652989D00B00EF360D /* MPCManager.swift */ = {isa = PBXFileReference; lastKnownFileType = sourcecode.swift; path = MPCManager.swift; sourceTree = "<group>"; };
/* End PBXFileReference section */

/* Begin PBXFrameworksBuildPhase section */
		E52ED4422988697200EF360D /* Frameworks */ = {
			isa = PBXFrameworksBuildPhase;
			buildActionMask = 2147483647;
			files = (
			);
			runOnlyForDeploymentPostprocessing = 0;
		};
/* End PBXFrameworksBuildPhase section */

/* Begin PBXGroup section */
		E52ED43C2988697200EF360D = {
			isa = PBXGroup;
			children = (
				E52ED4472988697200EF360D /* Chat2Gether */,
				E52ED4462988697200EF360D /* Products */,
			);
			sourceTree = "<group>";
		};
		E52ED4462988697200EF360D /* Products */ = {
			isa = PBXGroup;
			children = (
				E52ED4452988697200EF360D /* Chat2Gether.app */,
			);
			name = Products;
			sourceTree = "<group>";
		};
		E52ED4472988697200EF360D /* Chat2Gether */ = {
			isa = PBXGroup;
			children = (
				E52ED4482988697200EF360D /* AppDelegate.swift */,
				E52ED44A2988697200EF360D /* SceneDelegate.swift */,
				E52ED44C2988697200EF360D /* ViewController.swift */,
				E52ED45F29886FF500EF360D /* DeviceTableViewCell.swift */,
				E52ED4632988785B00EF360D /* ChatViewController.swift */,
				E52ED461298877E800EF360D /* ChatTableViewCell.swift */,
				E52ED4652989D00B00EF360D /* MPCManager.swift */,
				E52ED44E2988697200EF360D /* Main.storyboard */,
				E52ED4542988697300EF360D /* Assets.xcassets */,
				E52ED4562988697300EF360D /* LaunchScreen.storyboard */,
				E52ED4592988697300EF360D /* Info.plist */,
				E52ED4512988697200EF360D /* Chat2Gether.xcdatamodeld */,
			);
			path = Chat2Gether;
			sourceTree = "<group>";
		};
/* End PBXGroup section */

/* Begin PBXNativeTarget section */
		E52ED4442988697200EF360D /* Chat2Gether */ = {
			isa = PBXNativeTarget;
			buildConfigurationList = E52ED45C2988697300EF360D /* Build configuration list for PBXNativeTarget "Chat2Gether" */;
			buildPhases = (
				E52ED4412988697200EF360D /* Sources */,
				E52ED4422988697200EF360D /* Frameworks */,
				E52ED4432988697200EF360D /* Resources */,
			);
			buildRules = (
			);
			dependencies = (
			);
			name = Chat2Gether;
			productName = Chat2Gether;
			productReference = E52ED4452988697200EF360D /* Chat2Gether.app */;
			productType = "com.apple.product-type.application";
		};
/* End PBXNativeTarget section */

/* Begin PBXProject section */
		E52ED43D2988697200EF360D /* Project object */ = {
			isa = PBXProject;
			attributes = {
				BuildIndependentTargetsInParallel = 1;
				LastSwiftUpdateCheck = 1420;
				LastUpgradeCheck = 1420;
				TargetAttributes = {
					E52ED4442988697200EF360D = {
						CreatedOnToolsVersion = 14.2;
					};
				};
			};
			buildConfigurationList = E52ED4402988697200EF360D /* Build configuration list for PBXProject "Chat2Gether" */;
			compatibilityVersion = "Xcode 13.0";
			developmentRegion = en;
			hasScannedForEncodings = 0;
			knownRegions = (
				en,
				Base,
			);
			mainGroup = E52ED43C2988697200EF360D;
			productRefGroup = E52ED4462988697200EF360D /* Products */;
			projectDirPath = "";
			projectRoot = "";
			targets = (
				E52ED4442988697200EF360D /* Chat2Gether */,
			);
		};
/* End PBXProject section */

/* Begin PBXResourcesBuildPhase section */
		E52ED4432988697200EF360D /* Resources */ = {
			isa = PBXResourcesBuildPhase;
			buildActionMask = 2147483647;
			files = (
				E52ED4582988697300EF360D /* LaunchScreen.storyboard in Resources */,
				E52ED4552988697300EF360D /* Assets.xcassets in Resources */,
				E52ED4502988697200EF360D /* Main.storyboard in Resources */,
			);
			runOnlyForDeploymentPostprocessing = 0;
		};
/* End PBXResourcesBuildPhase section */

/* Begin PBXSourcesBuildPhase section */
		E52ED4412988697200EF360D /* Sources */ = {
			isa = PBXSourcesBuildPhase;
			buildActionMask = 2147483647;
			files = (
				E52ED46029886FF500EF360D /* DeviceTableViewCell.swift in Sources */,
				E52ED44D2988697200EF360D /* ViewController.swift in Sources */,
				E52ED4532988697200EF360D /* Chat2Gether.xcdatamodeld in Sources */,
				E52ED4642988785B00EF360D /* ChatViewController.swift in Sources */,
				E52ED462298877E800EF360D /* ChatTableViewCell.swift in Sources */,
				E52ED4492988697200EF360D /* AppDelegate.swift in Sources */,
				E52ED4662989D00B00EF360D /* MPCManager.swift in Sources */,
				E52ED44B2988697200EF360D /* SceneDelegate.swift in Sources */,
			);
			runOnlyForDeploymentPostprocessing = 0;
		};
/* End PBXSourcesBuildPhase section */

/* Begin PBXVariantGroup section */
		E52ED44E2988697200EF360D /* Main.storyboard */ = {
			isa = PBXVariantGroup;
			children = (
				E52ED44F2988697200EF360D /* Base */,
			);
			name = Main.storyboard;
			sourceTree = "<group>";
		};
		E52ED4562988697300EF360D /* LaunchScreen.storyboard */ = {
			isa = PBXVariantGroup;
			children = (
				E52ED4572988697300EF360D /* Base */,
			);
			name = LaunchScreen.storyboard;
			sourceTree = "<group>";
		};
/* End PBXVariantGroup section */

/* Begin XCBuildConfiguration section */
		E52ED45A2988697300EF360D /* Debug */ = {
			isa = XCBuildConfiguration;
			buildSettings = {
				ALWAYS_SEARCH_USER_PATHS = NO;
				CLANG_ANALYZER_NONNULL = YES;
				CLANG_ANALYZER_NUMBER_OBJECT_CONVERSION = YES_AGGRESSIVE;
				CLANG_CXX_LANGUAGE_STANDARD = "gnu++20";
				CLANG_ENABLE_MODULES = YES;
				CLANG_ENABLE_OBJC_ARC = YES;
				CLANG_ENABLE_OBJC_WEAK = YES;
				CLANG_WARN_BLOCK_CAPTURE_AUTORELEASING = YES;
				CLANG_WARN_BOOL_CONVERSION = YES;
				CLANG_WARN_COMMA = YES;
				CLANG_WARN_CONSTANT_CONVERSION = YES;
				CLANG_WARN_DEPRECATED_OBJC_IMPLEMENTATIONS = YES;
				CLANG_WARN_DIRECT_OBJC_ISA_USAGE = YES_ERROR;
				CLANG_WARN_DOCUMENTATION_COMMENTS = YES;
				CLANG_WARN_EMPTY_BODY = YES;
				CLANG_WARN_ENUM_CONVERSION = YES;
				CLANG_WARN_INFINITE_RECURSION = YES;
				CLANG_WARN_INT_CONVERSION = YES;
				CLANG_WARN_NON_LITERAL_NULL_CONVERSION = YES;
				CLANG_WARN_OBJC_IMPLICIT_RETAIN_SELF = YES;
				CLANG_WARN_OBJC_LITERAL_CONVERSION = YES;
				CLANG_WARN_OBJC_ROOT_CLASS = YES_ERROR;
				CLANG_WARN_QUOTED_INCLUDE_IN_FRAMEWORK_HEADER = YES;
				CLANG_WARN_RANGE_LOOP_ANALYSIS = YES;
				CLANG_WARN_STRICT_PROTOTYPES = YES;
				CLANG_WARN_SUSPICIOUS_MOVE = YES;
				CLANG_WARN_UNGUARDED_AVAILABILITY = YES_AGGRESSIVE;
				CLANG_WARN_UNREACHABLE_CODE = YES;
				CLANG_WARN__DUPLICATE_METHOD_MATCH = YES;
				COPY_PHASE_STRIP = NO;
				DEBUG_INFORMATION_FORMAT = dwarf;
				ENABLE_STRICT_OBJC_MSGSEND = YES;
				ENABLE_TESTABILITY = YES;
				GCC_C_LANGUAGE_STANDARD = gnu11;
				GCC_DYNAMIC_NO_PIC = NO;
				GCC_NO_COMMON_BLOCKS = YES;
				GCC_OPTIMIZATION_LEVEL = 0;
				GCC_PREPROCESSOR_DEFINITIONS = (
					"DEBUG=1",
					"$(inherited)",
				);
				GCC_WARN_64_TO_32_BIT_CONVERSION = YES;
				GCC_WARN_ABOUT_RETURN_TYPE = YES_ERROR;
				GCC_WARN_UNDECLARED_SELECTOR = YES;
				GCC_WARN_UNINITIALIZED_AUTOS = YES_AGGRESSIVE;
				GCC_WARN_UNUSED_FUNCTION = YES;
				GCC_WARN_UNUSED_VARIABLE = YES;
				IPHONEOS_DEPLOYMENT_TARGET = 16.2;
				MTL_ENABLE_DEBUG_INFO = INCLUDE_SOURCE;
				MTL_FAST_MATH = YES;
				ONLY_ACTIVE_ARCH = YES;
				SDKROOT = iphoneos;
				SWIFT_ACTIVE_COMPILATION_CONDITIONS = DEBUG;
				SWIFT_OPTIMIZATION_LEVEL = "-Onone";
			};
			name = Debug;
		};
		E52ED45B2988697300EF360D /* Release */ = {
			isa = XCBuildConfiguration;
			buildSettings = {
				ALWAYS_SEARCH_USER_PATHS = NO;
				CLANG_ANALYZER_NONNULL = YES;
				CLANG_ANALYZER_NUMBER_OBJECT_CONVERSION = YES_AGGRESSIVE;
				CLANG_CXX_LANGUAGE_STANDARD = "gnu++20";
				CLANG_ENABLE_MODULES = YES;
				CLANG_ENABLE_OBJC_ARC = YES;
				CLANG_ENABLE_OBJC_WEAK = YES;
				CLANG_WARN_BLOCK_CAPTURE_AUTORELEASING = YES;
				CLANG_WARN_BOOL_CONVERSION = YES;
				CLANG_WARN_COMMA = YES;
				CLANG_WARN_CONSTANT_CONVERSION = YES;
				CLANG_WARN_DEPRECATED_OBJC_IMPLEMENTATIONS = YES;
				CLANG_WARN_DIRECT_OBJC_ISA_USAGE = YES_ERROR;
				CLANG_WARN_DOCUMENTATION_COMMENTS = YES;
				CLANG_WARN_EMPTY_BODY = YES;
				CLANG_WARN_ENUM_CONVERSION = YES;
				CLANG_WARN_INFINITE_RECURSION = YES;
				CLANG_WARN_INT_CONVERSION = YES;
				CLANG_WARN_NON_LITERAL_NULL_CONVERSION = YES;
				CLANG_WARN_OBJC_IMPLICIT_RETAIN_SELF = YES;
				CLANG_WARN_OBJC_LITERAL_CONVERSION = YES;
				CLANG_WARN_OBJC_ROOT_CLASS = YES_ERROR;
				CLANG_WARN_QUOTED_INCLUDE_IN_FRAMEWORK_HEADER = YES;
				CLANG_WARN_RANGE_LOOP_ANALYSIS = YES;
				CLANG_WARN_STRICT_PROTOTYPES = YES;
				CLANG_WARN_SUSPICIOUS_MOVE = YES;
				CLANG_WARN_UNGUARDED_AVAILABILITY = YES_AGGRESSIVE;
				CLANG_WARN_UNREACHABLE_CODE = YES;
				CLANG_WARN__DUPLICATE_METHOD_MATCH = YES;
				COPY_PHASE_STRIP = NO;
				DEBUG_INFORMATION_FORMAT = "dwarf-with-dsym";
				ENABLE_NS_ASSERTIONS = NO;
				ENABLE_STRICT_OBJC_MSGSEND = YES;
				GCC_C_LANGUAGE_STANDARD = gnu11;
				GCC_NO_COMMON_BLOCKS = YES;
				GCC_WARN_64_TO_32_BIT_CONVERSION = YES;
				GCC_WARN_ABOUT_RETURN_TYPE = YES_ERROR;
				GCC_WARN_UNDECLARED_SELECTOR = YES;
				GCC_WARN_UNINITIALIZED_AUTOS = YES_AGGRESSIVE;
				GCC_WARN_UNUSED_FUNCTION = YES;
				GCC_WARN_UNUSED_VARIABLE = YES;
				IPHONEOS_DEPLOYMENT_TARGET = 16.2;
				MTL_ENABLE_DEBUG_INFO = NO;
				MTL_FAST_MATH = YES;
				SDKROOT = iphoneos;
				SWIFT_COMPILATION_MODE = wholemodule;
				SWIFT_OPTIMIZATION_LEVEL = "-O";
				VALIDATE_PRODUCT = YES;
			};
			name = Release;
		};
		E52ED45D2988697300EF360D /* Debug */ = {
			isa = XCBuildConfiguration;
			buildSettings = {
				ASSETCATALOG_COMPILER_APPICON_NAME = AppIcon;
				ASSETCATALOG_COMPILER_GLOBAL_ACCENT_COLOR_NAME = AccentColor;
				CODE_SIGN_STYLE = Automatic;
				CURRENT_PROJECT_VERSION = 1;
				DEVELOPMENT_TEAM = WLVP2AZFAG;
				GENERATE_INFOPLIST_FILE = YES;
				INFOPLIST_FILE = Chat2Gether/Info.plist;
				INFOPLIST_KEY_UIApplicationSupportsIndirectInputEvents = YES;
				INFOPLIST_KEY_UILaunchStoryboardName = LaunchScreen;
				INFOPLIST_KEY_UIMainStoryboardFile = Main;
				INFOPLIST_KEY_UISupportedInterfaceOrientations_iPad = "UIInterfaceOrientationPortrait UIInterfaceOrientationPortraitUpsideDown UIInterfaceOrientationLandscapeLeft UIInterfaceOrientationLandscapeRight";
				INFOPLIST_KEY_UISupportedInterfaceOrientations_iPhone = "UIInterfaceOrientationPortrait UIInterfaceOrientationLandscapeLeft UIInterfaceOrientationLandscapeRight";
				IPHONEOS_DEPLOYMENT_TARGET = 13.0;
				LD_RUNPATH_SEARCH_PATHS = (
					"$(inherited)",
					"@executable_path/Frameworks",
				);
				MARKETING_VERSION = 1.0;
				PRODUCT_BUNDLE_IDENTIFIER = com.sinemercumert.Chat2Gether;
				PRODUCT_NAME = "$(TARGET_NAME)";
				SWIFT_EMIT_LOC_STRINGS = YES;
				SWIFT_VERSION = 5.0;
				TARGETED_DEVICE_FAMILY = "1,2";
			};
			name = Debug;
		};
		E52ED45E2988697300EF360D /* Release */ = {
			isa = XCBuildConfiguration;
			buildSettings = {
				ASSETCATALOG_COMPILER_APPICON_NAME = AppIcon;
				ASSETCATALOG_COMPILER_GLOBAL_ACCENT_COLOR_NAME = AccentColor;
				CODE_SIGN_STYLE = Automatic;
				CURRENT_PROJECT_VERSION = 1;
				DEVELOPMENT_TEAM = WLVP2AZFAG;
				GENERATE_INFOPLIST_FILE = YES;
				INFOPLIST_FILE = Chat2Gether/Info.plist;
				INFOPLIST_KEY_UIApplicationSupportsIndirectInputEvents = YES;
				INFOPLIST_KEY_UILaunchStoryboardName = LaunchScreen;
				INFOPLIST_KEY_UIMainStoryboardFile = Main;
				INFOPLIST_KEY_UISupportedInterfaceOrientations_iPad = "UIInterfaceOrientationPortrait UIInterfaceOrientationPortraitUpsideDown UIInterfaceOrientationLandscapeLeft UIInterfaceOrientationLandscapeRight";
				INFOPLIST_KEY_UISupportedInterfaceOrientations_iPhone = "UIInterfaceOrientationPortrait UIInterfaceOrientationLandscapeLeft UIInterfaceOrientationLandscapeRight";
				IPHONEOS_DEPLOYMENT_TARGET = 13.0;
				LD_RUNPATH_SEARCH_PATHS = (
					"$(inherited)",
					"@executable_path/Frameworks",
				);
				MARKETING_VERSION = 1.0;
				PRODUCT_BUNDLE_IDENTIFIER = com.sinemercumert.Chat2Gether;
				PRODUCT_NAME = "$(TARGET_NAME)";
				SWIFT_EMIT_LOC_STRINGS = YES;
				SWIFT_VERSION = 5.0;
				TARGETED_DEVICE_FAMILY = "1,2";
			};
			name = Release;
		};
/* End XCBuildConfiguration section */

/* Begin XCConfigurationList section */
		E52ED4402988697200EF360D /* Build configuration list for PBXProject "Chat2Gether" */ = {
			isa = XCConfigurationList;
			buildConfigurations = (
				E52ED45A2988697300EF360D /* Debug */,
				E52ED45B2988697300EF360D /* Release */,
			);
			defaultConfigurationIsVisible = 0;
			defaultConfigurationName = Release;
		};
		E52ED45C2988697300EF360D /* Build configuration list for PBXNativeTarget "Chat2Gether" */ = {
			isa = XCConfigurationList;
			buildConfigurations = (
				E52ED45D2988697300EF360D /* Debug */,
				E52ED45E2988697300EF360D /* Release */,
			);
			defaultConfigurationIsVisible = 0;
			defaultConfigurationName = Release;
		};
/* End XCConfigurationList section */

/* Begin XCVersionGroup section */
		E52ED4512988697200EF360D /* Chat2Gether.xcdatamodeld */ = {
			isa = XCVersionGroup;
			children = (
				E52ED4522988697200EF360D /* Chat2Gether.xcdatamodel */,
			);
			currentVersion = E52ED4522988697200EF360D /* Chat2Gether.xcdatamodel */;
			path = Chat2Gether.xcdatamodeld;
			sourceTree = "<group>";
			versionGroupType = wrapper.xcdatamodel;
		};
/* End XCVersionGroup section */
	};
	rootObject = E52ED43D2988697200EF360D /* Project object */;
}
